
Microsoft Visual Studio Solution File, Format Version 12.00
# Visual Studio Version 17
VisualStudioVersion = 17.8.34112.27
MinimumVisualStudioVersion = 10.0.40219.1
Project("{9A19103F-16F7-4668-BE54-9A1E7A4F7556}") = "CollabScience.Api", "src\CollabScience.Api\CollabScience.Api.csproj", "{5846576C-D1A1-4034-9940-B237FEC51DC4}"
EndProject
Project("{2150E333-8FDC-42A3-9474-1A3956D46DE8}") = "Solution Items", "Solution Items", "{7108D1B0-565C-4BA9-B223-41205FB462A2}"
	ProjectSection(SolutionItems) = preProject
		.editorconfig = .editorconfig
		.gitattributes = .gitattributes
		.gitignore = .gitignore
		ConvertingTheDataToJson.md = ConvertingTheDataToJson.md
		Directory.Build.props = Directory.Build.props
		Directory.Build.targets = Directory.Build.targets
	EndProjectSection
EndProject
Project("{9A19103F-16F7-4668-BE54-9A1E7A4F7556}") = "CollabScience.Client", "src\CollabScience.Client\CollabScience.Client.csproj", "{DDDB5A3F-4E9E-49EC-A008-53D73DAD32E9}"
EndProject
Project("{2150E333-8FDC-42A3-9474-1A3956D46DE8}") = ".github", ".github", "{C5E3DBEA-0540-471E-8FFF-D7073BD1BF7F}"
EndProject
Project("{2150E333-8FDC-42A3-9474-1A3956D46DE8}") = "workflows", "workflows", "{46AE4FF9-79AE-4A83-AA3A-8A6792AC8676}"
EndProject
Global
	GlobalSection(SolutionConfigurationPlatforms) = preSolution
		Debug|Any CPU = Debug|Any CPU
		Debug|x86 = Debug|x86
		Release|Any CPU = Release|Any CPU
		Release|x86 = Release|x86
	EndGlobalSection
	GlobalSection(ProjectConfigurationPlatforms) = postSolution
		{5846576C-D1A1-4034-9940-B237FEC51DC4}.Debug|Any CPU.ActiveCfg = Debug|Any CPU
		{5846576C-D1A1-4034-9940-B237FEC51DC4}.Debug|Any CPU.Build.0 = Debug|Any CPU
		{5846576C-D1A1-4034-9940-B237FEC51DC4}.Debug|x86.ActiveCfg = Debug|Any CPU
		{5846576C-D1A1-4034-9940-B237FEC51DC4}.Debug|x86.Build.0 = Debug|Any CPU
		{5846576C-D1A1-4034-9940-B237FEC51DC4}.Release|Any CPU.ActiveCfg = Release|Any CPU
		{5846576C-D1A1-4034-9940-B237FEC51DC4}.Release|Any CPU.Build.0 = Release|Any CPU
		{5846576C-D1A1-4034-9940-B237FEC51DC4}.Release|x86.ActiveCfg = Release|Any CPU
		{5846576C-D1A1-4034-9940-B237FEC51DC4}.Release|x86.Build.0 = Release|Any CPU
		{DDDB5A3F-4E9E-49EC-A008-53D73DAD32E9}.Debug|Any CPU.ActiveCfg = Debug|x86
		{DDDB5A3F-4E9E-49EC-A008-53D73DAD32E9}.Debug|x86.ActiveCfg = Debug|x86
		{DDDB5A3F-4E9E-49EC-A008-53D73DAD32E9}.Debug|x86.Build.0 = Debug|x86
		{DDDB5A3F-4E9E-49EC-A008-53D73DAD32E9}.Release|Any CPU.ActiveCfg = Debug|x86
		{DDDB5A3F-4E9E-49EC-A008-53D73DAD32E9}.Release|x86.ActiveCfg = Debug|x86
		{DDDB5A3F-4E9E-49EC-A008-53D73DAD32E9}.Release|x86.Build.0 = Debug|x86
	EndGlobalSection
	GlobalSection(SolutionProperties) = preSolution
		HideSolutionNode = FALSE
	EndGlobalSection
	GlobalSection(NestedProjects) = preSolution
		{46AE4FF9-79AE-4A83-AA3A-8A6792AC8676} = {C5E3DBEA-0540-471E-8FFF-D7073BD1BF7F}
	EndGlobalSection
	GlobalSection(ExtensibilityGlobals) = postSolution
		SolutionGuid = {D60CBA3E-8B0E-4199-AD0F-1088288C4C77}
	EndGlobalSection
EndGlobal
